PODS:
  - Microblink (5.5.0)
  - Passbase (1.9.5):
    - Microblink (= 5.5.0)
    - ZoomAuthentication (= 8.7.1)
  - ZoomAuthentication (8.7.1)

DEPENDENCIES:
  - Passbase

SPEC REPOS:
  https://github.com/passbase/cocoapods-specs:
    - Passbase
  https://github.com/passbase/microblink-cocoapods-specs.git:
    - Microblink
  https://github.com/passbase/zoomauthentication-cocoapods-specs.git:
    - ZoomAuthentication

SPEC CHECKSUMS:
  Microblink: e6f696a5285be7ddb122fb4afe12f53b1d655957
  Passbase: 5c6fdc8cdd10be246ec7be0035997e96c933bcde
  ZoomAuthentication: 2269a4d9d0e7f009588f6a45a5f8d33298228b82

PODFILE CHECKSUM: 8fddf6c39821f686d07308be3af9a27d7cd2935f

COCOAPODS: 1.9.1
