// !$*UTF8*$!
{
	archiveVersion = 1;
	classes = {
	};
	objectVersion = 51;
	objects = {

/* Begin PBXBuildFile section */
		2D8BE00B23A44DED000E266B /* AppDelegate.swift in Sources */ = {isa = PBXBuildFile; fileRef = 2D8BE00A23A44DED000E266B /* AppDelegate.swift */; };
		2D8BE00D23A44DED000E266B /* SceneDelegate.swift in Sources */ = {isa = PBXBuildFile; fileRef = 2D8BE00C23A44DED000E266B /* SceneDelegate.swift */; };
		2D8BE00F23A44DED000E266B /* ViewController.swift in Sources */ = {isa = PBXBuildFile; fileRef = 2D8BE00E23A44DED000E266B /* ViewController.swift */; };
		2D8BE01223A44DED000E266B /* Main.storyboard in Resources */ = {isa = PBXBuildFile; fileRef = 2D8BE01023A44DED000E266B /* Main.storyboard */; };
		2D8BE01423A44DF0000E266B /* Assets.xcassets in Resources */ = {isa = PBXBuildFile; fileRef = 2D8BE01323A44DF0000E266B /* Assets.xcassets */; };
		2D8BE01723A44DF0000E266B /* LaunchScreen.storyboard in Resources */ = {isa = PBXBuildFile; fileRef = 2D8BE01523A44DF0000E266B /* LaunchScreen.storyboard */; };
		6FA3EA4A333BD70A1F861856 /* libPods-Passbase Demo App.a in Frameworks */ = {isa = PBXBuildFile; fileRef = 95F4468F532028C2B8785BBD /* libPods-Passbase Demo App.a */; };
/* End PBXBuildFile section */

/* Begin PBXFileReference section */
		066017318D10CFD3503438CF /* libPods-Passbase Demo AppTests.a */ = {isa = PBXFileReference; explicitFileType = archive.ar; includeInIndex = 0; path = "libPods-Passbase Demo AppTests.a"; sourceTree = BUILT_PRODUCTS_DIR; };
		2D8BE00723A44DED000E266B /* Passbase Demo App.app */ = {isa = PBXFileReference; explicitFileType = wrapper.application; includeInIndex = 0; path = "Passbase Demo App.app"; sourceTree = BUILT_PRODUCTS_DIR; };
		2D8BE00A23A44DED000E266B /* AppDelegate.swift */ = {isa = PBXFileReference; lastKnownFileType = sourcecode.swift; path = AppDelegate.swift; sourceTree = "<group>"; };
		2D8BE00C23A44DED000E266B /* SceneDelegate.swift */ = {isa = PBXFileReference; lastKnownFileType = sourcecode.swift; path = SceneDelegate.swift; sourceTree = "<group>"; };
		2D8BE00E23A44DED000E266B /* ViewController.swift */ = {isa = PBXFileReference; lastKnownFileType = sourcecode.swift; path = ViewController.swift; sourceTree = "<group>"; };
		2D8BE01123A44DED000E266B /* Base */ = {isa = PBXFileReference; lastKnownFileType = file.storyboard; name = Base; path = Base.lproj/Main.storyboard; sourceTree = "<group>"; };
		2D8BE01323A44DF0000E266B /* Assets.xcassets */ = {isa = PBXFileReference; lastKnownFileType = folder.assetcatalog; path = Assets.xcassets; sourceTree = "<group>"; };
		2D8BE01623A44DF0000E266B /* Base */ = {isa = PBXFileReference; lastKnownFileType = file.storyboard; name = Base; path = Base.lproj/LaunchScreen.storyboard; sourceTree = "<group>"; };
		2D8BE01823A44DF0000E266B /* Info.plist */ = {isa = PBXFileReference; lastKnownFileType = text.plist.xml; path = Info.plist; sourceTree = "<group>"; };
		95F4468F532028C2B8785BBD /* libPods-Passbase Demo App.a */ = {isa = PBXFileReference; explicitFileType = archive.ar; includeInIndex = 0; path = "libPods-Passbase Demo App.a"; sourceTree = BUILT_PRODUCTS_DIR; };
		967412D46A3C18D9C0304316 /* libPods-Passbase Demo App-Passbase Demo AppUITests.a */ = {isa = PBXFileReference; explicitFileType = archive.ar; includeInIndex = 0; path = "libPods-Passbase Demo App-Passbase Demo AppUITests.a"; sourceTree = BUILT_PRODUCTS_DIR; };
/* End PBXFileReference section */

/* Begin PBXFrameworksBuildPhase section */
		2D8BE00423A44DED000E266B /* Frameworks */ = {
			isa = PBXFrameworksBuildPhase;
			buildActionMask = 2147483647;
			files = (
				6FA3EA4A333BD70A1F861856 /* libPods-Passbase Demo App.a in Frameworks */,
			);
			runOnlyForDeploymentPostprocessing = 0;
		};
/* End PBXFrameworksBuildPhase section */

/* Begin PBXGroup section */
		2D8BDFFE23A44DEC000E266B = {
			isa = PBXGroup;
			children = (
				2D8BE00923A44DED000E266B /* Passbase Demo App */,
				2D8BE00823A44DED000E266B /* Products */,
				D9CEE0B0947856CB7D8F473F /* Frameworks */,
			);
			sourceTree = "<group>";
		};
		2D8BE00823A44DED000E266B /* Products */ = {
			isa = PBXGroup;
			children = (
				2D8BE00723A44DED000E266B /* Passbase Demo App.app */,
			);
			name = Products;
			sourceTree = "<group>";
		};
		2D8BE00923A44DED000E266B /* Passbase Demo App */ = {
			isa = PBXGroup;
			children = (
				2D8BE00A23A44DED000E266B /* AppDelegate.swift */,
				2D8BE00C23A44DED000E266B /* SceneDelegate.swift */,
				2D8BE00E23A44DED000E266B /* ViewController.swift */,
				2D8BE01023A44DED000E266B /* Main.storyboard */,
				2D8BE01323A44DF0000E266B /* Assets.xcassets */,
				2D8BE01523A44DF0000E266B /* LaunchScreen.storyboard */,
				2D8BE01823A44DF0000E266B /* Info.plist */,
			);
			path = "Passbase Demo App";
			sourceTree = "<group>";
		};
		D9CEE0B0947856CB7D8F473F /* Frameworks */ = {
			isa = PBXGroup;
			children = (
				95F4468F532028C2B8785BBD /* libPods-Passbase Demo App.a */,
				967412D46A3C18D9C0304316 /* libPods-Passbase Demo App-Passbase Demo AppUITests.a */,
				066017318D10CFD3503438CF /* libPods-Passbase Demo AppTests.a */,
			);
			name = Frameworks;
			sourceTree = "<group>";
		};
/* End PBXGroup section */

/* Begin PBXNativeTarget section */
		2D8BE00623A44DED000E266B /* Passbase Demo App */ = {
			isa = PBXNativeTarget;
			buildConfigurationList = 2D8BE03123A44DF1000E266B /* Build configuration list for PBXNativeTarget "Passbase Demo App" */;
			buildPhases = (
				9FBBD3DD4A9F6A46FE287D68 /* [CP] Check Pods Manifest.lock */,
				2D8BE00323A44DED000E266B /* Sources */,
				2D8BE00423A44DED000E266B /* Frameworks */,
				2D8BE00523A44DED000E266B /* Resources */,
				51F569D57818E0EDFBD92455 /* [CP] Embed Pods Frameworks */,
				F123FABA0A72A179C670FFED /* [CP] Copy Pods Resources */,
			);
			buildRules = (
			);
			dependencies = (
			);
			name = "Passbase Demo App";
			productName = "Passbase Demo App";
			productReference = 2D8BE00723A44DED000E266B /* Passbase Demo App.app */;
			productType = "com.apple.product-type.application";
		};
/* End PBXNativeTarget section */

/* Begin PBXProject section */
		2D8BDFFF23A44DED000E266B /* Project object */ = {
			isa = PBXProject;
			attributes = {
				LastSwiftUpdateCheck = 1120;
				LastUpgradeCheck = 1120;
				ORGANIZATIONNAME = "Passbase, Inc.";
				TargetAttributes = {
					2D8BE00623A44DED000E266B = {
						CreatedOnToolsVersion = 11.2.1;
					};
				};
			};
			buildConfigurationList = 2D8BE00223A44DED000E266B /* Build configuration list for PBXProject "Passbase Demo App" */;
			compatibilityVersion = "Xcode 9.3";
			developmentRegion = en;
			hasScannedForEncodings = 0;
			knownRegions = (
				en,
				Base,
			);
			mainGroup = 2D8BDFFE23A44DEC000E266B;
			productRefGroup = 2D8BE00823A44DED000E266B /* Products */;
			projectDirPath = "";
			projectRoot = "";
			targets = (
				2D8BE00623A44DED000E266B /* Passbase Demo App */,
			);
		};
/* End PBXProject section */

/* Begin PBXResourcesBuildPhase section */
		2D8BE00523A44DED000E266B /* Resources */ = {
			isa = PBXResourcesBuildPhase;
			buildActionMask = 2147483647;
			files = (
				2D8BE01723A44DF0000E266B /* LaunchScreen.storyboard in Resources */,
				2D8BE01423A44DF0000E266B /* Assets.xcassets in Resources */,
				2D8BE01223A44DED000E266B /* Main.storyboard in Resources */,
			);
			runOnlyForDeploymentPostprocessing = 0;
		};
/* End PBXResourcesBuildPhase section */

/* Begin PBXShellScriptBuildPhase section */
		51F569D57818E0EDFBD92455 /* [CP] Embed Pods Frameworks */ = {
			isa = PBXShellScriptBuildPhase;
			buildActionMask = 2147483647;
			files = (
			);
			inputFileListPaths = (
				"${PODS_ROOT}/Target Support Files/Pods-Passbase Demo App/Pods-Passbase Demo App-frameworks-${CONFIGURATION}-input-files.xcfilelist",
			);
			name = "[CP] Embed Pods Frameworks";
			outputFileListPaths = (
				"${PODS_ROOT}/Target Support Files/Pods-Passbase Demo App/Pods-Passbase Demo App-frameworks-${CONFIGURATION}-output-files.xcfilelist",
			);
			runOnlyForDeploymentPostprocessing = 0;
			shellPath = /bin/sh;
			shellScript = "\"${PODS_ROOT}/Target Support Files/Pods-Passbase Demo App/Pods-Passbase Demo App-frameworks.sh\"\n";
			showEnvVarsInLog = 0;
		};
		9FBBD3DD4A9F6A46FE287D68 /* [CP] Check Pods Manifest.lock */ = {
			isa = PBXShellScriptBuildPhase;
			buildActionMask = 2147483647;
			files = (
			);
			inputFileListPaths = (
			);
			inputPaths = (
				"${PODS_PODFILE_DIR_PATH}/Podfile.lock",
				"${PODS_ROOT}/Manifest.lock",
			);
			name = "[CP] Check Pods Manifest.lock";
			outputFileListPaths = (
			);
			outputPaths = (
				"$(DERIVED_FILE_DIR)/Pods-Passbase Demo App-checkManifestLockResult.txt",
			);
			runOnlyForDeploymentPostprocessing = 0;
			shellPath = /bin/sh;
			shellScript = "diff \"${PODS_PODFILE_DIR_PATH}/Podfile.lock\" \"${PODS_ROOT}/Manifest.lock\" > /dev/null\nif [ $? != 0 ] ; then\n    # print error to STDERR\n    echo \"error: The sandbox is not in sync with the Podfile.lock. Run 'pod install' or update your CocoaPods installation.\" >&2\n    exit 1\nfi\n# This output is used by Xcode 'outputs' to avoid re-running this script phase.\necho \"SUCCESS\" > \"${SCRIPT_OUTPUT_FILE_0}\"\n";
			showEnvVarsInLog = 0;
		};
		F123FABA0A72A179C670FFED /* [CP] Copy Pods Resources */ = {
			isa = PBXShellScriptBuildPhase;
			buildActionMask = 2147483647;
			files = (
			);
			inputFileListPaths = (
				"${PODS_ROOT}/Target Support Files/Pods-Passbase Demo App/Pods-Passbase Demo App-resources-${CONFIGURATION}-input-files.xcfilelist",
			);
			name = "[CP] Copy Pods Resources";
			outputFileListPaths = (
				"${PODS_ROOT}/Target Support Files/Pods-Passbase Demo App/Pods-Passbase Demo App-resources-${CONFIGURATION}-output-files.xcfilelist",
			);
			runOnlyForDeploymentPostprocessing = 0;
			shellPath = /bin/sh;
			shellScript = "\"${PODS_ROOT}/Target Support Files/Pods-Passbase Demo App/Pods-Passbase Demo App-resources.sh\"\n";
			showEnvVarsInLog = 0;
		};
/* End PBXShellScriptBuildPhase section */

/* Begin PBXSourcesBuildPhase section */
		2D8BE00323A44DED000E266B /* Sources */ = {
			isa = PBXSourcesBuildPhase;
			buildActionMask = 2147483647;
			files = (
				2D8BE00F23A44DED000E266B /* ViewController.swift in Sources */,
				2D8BE00B23A44DED000E266B /* AppDelegate.swift in Sources */,
				2D8BE00D23A44DED000E266B /* SceneDelegate.swift in Sources */,
			);
			runOnlyForDeploymentPostprocessing = 0;
		};
/* End PBXSourcesBuildPhase section */

/* Begin PBXVariantGroup section */
		2D8BE01023A44DED000E266B /* Main.storyboard */ = {
			isa = PBXVariantGroup;
			children = (
				2D8BE01123A44DED000E266B /* Base */,
			);
			name = Main.storyboard;
			sourceTree = "<group>";
		};
		2D8BE01523A44DF0000E266B /* LaunchScreen.storyboard */ = {
			isa = PBXVariantGroup;
			children = (
				2D8BE01623A44DF0000E266B /* Base */,
			);
			name = LaunchScreen.storyboard;
			sourceTree = "<group>";
		};
/* End PBXVariantGroup section */

/* Begin XCBuildConfiguration section */
		2D8BE02F23A44DF1000E266B /* Debug */ = {
			isa = XCBuildConfiguration;
			buildSettings = {
				ALWAYS_SEARCH_USER_PATHS = NO;
				CLANG_ANALYZER_NONNULL = YES;
				CLANG_ANALYZER_NUMBER_OBJECT_CONVERSION = YES_AGGRESSIVE;
				CLANG_CXX_LANGUAGE_STANDARD = "gnu++14";
				CLANG_CXX_LIBRARY = "libc++";
				CLANG_ENABLE_MODULES = YES;
				CLANG_ENABLE_OBJC_ARC = YES;
				CLANG_ENABLE_OBJC_WEAK = YES;
				CLANG_WARN_BLOCK_CAPTURE_AUTORELEASING = YES;
				CLANG_WARN_BOOL_CONVERSION = YES;
				CLANG_WARN_COMMA = YES;
				CLANG_WARN_CONSTANT_CONVERSION = YES;
				CLANG_WARN_DEPRECATED_OBJC_IMPLEMENTATIONS = YES;
				CLANG_WARN_DIRECT_OBJC_ISA_USAGE = YES_ERROR;
				CLANG_WARN_DOCUMENTATION_COMMENTS = YES;
				CLANG_WARN_EMPTY_BODY = YES;
				CLANG_WARN_ENUM_CONVERSION = YES;
				CLANG_WARN_INFINITE_RECURSION = YES;
				CLANG_WARN_INT_CONVERSION = YES;
				CLANG_WARN_NON_LITERAL_NULL_CONVERSION = YES;
				CLANG_WARN_OBJC_IMPLICIT_RETAIN_SELF = YES;
				CLANG_WARN_OBJC_LITERAL_CONVERSION = YES;
				CLANG_WARN_OBJC_ROOT_CLASS = YES_ERROR;
				CLANG_WARN_RANGE_LOOP_ANALYSIS = YES;
				CLANG_WARN_STRICT_PROTOTYPES = YES;
				CLANG_WARN_SUSPICIOUS_MOVE = YES;
				CLANG_WARN_UNGUARDED_AVAILABILITY = YES_AGGRESSIVE;
				CLANG_WARN_UNREACHABLE_CODE = YES;
				CLANG_WARN__DUPLICATE_METHOD_MATCH = YES;
				COPY_PHASE_STRIP = NO;
				DEBUG_INFORMATION_FORMAT = dwarf;
				ENABLE_STRICT_OBJC_MSGSEND = YES;
				ENABLE_TESTABILITY = YES;
				GCC_C_LANGUAGE_STANDARD = gnu11;
				GCC_DYNAMIC_NO_PIC = NO;
				GCC_NO_COMMON_BLOCKS = YES;
				GCC_OPTIMIZATION_LEVEL = 0;
				GCC_PREPROCESSOR_DEFINITIONS = (
					"DEBUG=1",
					"$(inherited)",
				);
				GCC_WARN_64_TO_32_BIT_CONVERSION = YES;
				GCC_WARN_ABOUT_RETURN_TYPE = YES_ERROR;
				GCC_WARN_UNDECLARED_SELECTOR = YES;
				GCC_WARN_UNINITIALIZED_AUTOS = YES_AGGRESSIVE;
				GCC_WARN_UNUSED_FUNCTION = YES;
				GCC_WARN_UNUSED_VARIABLE = YES;
				IPHONEOS_DEPLOYMENT_TARGET = 13.2;
				MTL_ENABLE_DEBUG_INFO = INCLUDE_SOURCE;
				MTL_FAST_MATH = YES;
				ONLY_ACTIVE_ARCH = YES;
				SDKROOT = iphoneos;
				SWIFT_ACTIVE_COMPILATION_CONDITIONS = DEBUG;
				SWIFT_OPTIMIZATION_LEVEL = "-Onone";
			};
			name = Debug;
		};
		2D8BE03023A44DF1000E266B /* Release */ = {
			isa = XCBuildConfiguration;
			buildSettings = {
				ALWAYS_SEARCH_USER_PATHS = NO;
				CLANG_ANALYZER_NONNULL = YES;
				CLANG_ANALYZER_NUMBER_OBJECT_CONVERSION = YES_AGGRESSIVE;
				CLANG_CXX_LANGUAGE_STANDARD = "gnu++14";
				CLANG_CXX_LIBRARY = "libc++";
				CLANG_ENABLE_MODULES = YES;
				CLANG_ENABLE_OBJC_ARC = YES;
				CLANG_ENABLE_OBJC_WEAK = YES;
				CLANG_WARN_BLOCK_CAPTURE_AUTORELEASING = YES;
				CLANG_WARN_BOOL_CONVERSION = YES;
				CLANG_WARN_COMMA = YES;
				CLANG_WARN_CONSTANT_CONVERSION = YES;
				CLANG_WARN_DEPRECATED_OBJC_IMPLEMENTATIONS = YES;
				CLANG_WARN_DIRECT_OBJC_ISA_USAGE = YES_ERROR;
				CLANG_WARN_DOCUMENTATION_COMMENTS = YES;
				CLANG_WARN_EMPTY_BODY = YES;
				CLANG_WARN_ENUM_CONVERSION = YES;
				CLANG_WARN_INFINITE_RECURSION = YES;
				CLANG_WARN_INT_CONVERSION = YES;
				CLANG_WARN_NON_LITERAL_NULL_CONVERSION = YES;
				CLANG_WARN_OBJC_IMPLICIT_RETAIN_SELF = YES;
				CLANG_WARN_OBJC_LITERAL_CONVERSION = YES;
				CLANG_WARN_OBJC_ROOT_CLASS = YES_ERROR;
				CLANG_WARN_RANGE_LOOP_ANALYSIS = YES;
				CLANG_WARN_STRICT_PROTOTYPES = YES;
				CLANG_WARN_SUSPICIOUS_MOVE = YES;
				CLANG_WARN_UNGUARDED_AVAILABILITY = YES_AGGRESSIVE;
				CLANG_WARN_UNREACHABLE_CODE = YES;
				CLANG_WARN__DUPLICATE_METHOD_MATCH = YES;
				COPY_PHASE_STRIP = NO;
				DEBUG_INFORMATION_FORMAT = "dwarf-with-dsym";
				ENABLE_NS_ASSERTIONS = NO;
				ENABLE_STRICT_OBJC_MSGSEND = YES;
				GCC_C_LANGUAGE_STANDARD = gnu11;
				GCC_NO_COMMON_BLOCKS = YES;
				GCC_WARN_64_TO_32_BIT_CONVERSION = YES;
				GCC_WARN_ABOUT_RETURN_TYPE = YES_ERROR;
				GCC_WARN_UNDECLARED_SELECTOR = YES;
				GCC_WARN_UNINITIALIZED_AUTOS = YES_AGGRESSIVE;
				GCC_WARN_UNUSED_FUNCTION = YES;
				GCC_WARN_UNUSED_VARIABLE = YES;
				IPHONEOS_DEPLOYMENT_TARGET = 13.2;
				MTL_ENABLE_DEBUG_INFO = NO;
				MTL_FAST_MATH = YES;
				SDKROOT = iphoneos;
				SWIFT_COMPILATION_MODE = wholemodule;
				SWIFT_OPTIMIZATION_LEVEL = "-O";
				VALIDATE_PRODUCT = YES;
			};
			name = Release;
		};
		2D8BE03223A44DF1000E266B /* Debug */ = {
			isa = XCBuildConfiguration;
			buildSettings = {
				ASSETCATALOG_COMPILER_APPICON_NAME = AppIcon;
				CODE_SIGN_STYLE = Automatic;
				DEVELOPMENT_TEAM = 59Q8U3U6SS;
				INFOPLIST_FILE = "Passbase Demo App/Info.plist";
				LD_RUNPATH_SEARCH_PATHS = (
					"$(inherited)",
					"@executable_path/Frameworks",
				);
				PRODUCT_BUNDLE_IDENTIFIER = "com.passbase.Passbase-Demo-App";
				PRODUCT_NAME = "$(TARGET_NAME)";
				SWIFT_VERSION = 5.0;
				TARGETED_DEVICE_FAMILY = "1,2";
			};
			name = Debug;
		};
		2D8BE03323A44DF1000E266B /* Release */ = {
			isa = XCBuildConfiguration;
			buildSettings = {
				ASSETCATALOG_COMPILER_APPICON_NAME = AppIcon;
				CODE_SIGN_STYLE = Automatic;
				DEVELOPMENT_TEAM = 59Q8U3U6SS;
				INFOPLIST_FILE = "Passbase Demo App/Info.plist";
				LD_RUNPATH_SEARCH_PATHS = (
					"$(inherited)",
					"@executable_path/Frameworks",
				);
				PRODUCT_BUNDLE_IDENTIFIER = "com.passbase.Passbase-Demo-App";
				PRODUCT_NAME = "$(TARGET_NAME)";
				SWIFT_VERSION = 5.0;
				TARGETED_DEVICE_FAMILY = "1,2";
			};
			name = Release;
		};
/* End XCBuildConfiguration section */

/* Begin XCConfigurationList section */
		2D8BE00223A44DED000E266B /* Build configuration list for PBXProject "Passbase Demo App" */ = {
			isa = XCConfigurationList;
			buildConfigurations = (
				2D8BE02F23A44DF1000E266B /* Debug */,
				2D8BE03023A44DF1000E266B /* Release */,
			);
			defaultConfigurationIsVisible = 0;
			defaultConfigurationName = Release;
		};
		2D8BE03123A44DF1000E266B /* Build configuration list for PBXNativeTarget "Passbase Demo App" */ = {
			isa = XCConfigurationList;
			buildConfigurations = (
				2D8BE03223A44DF1000E266B /* Debug */,
				2D8BE03323A44DF1000E266B /* Release */,
			);
			defaultConfigurationIsVisible = 0;
			defaultConfigurationName = Release;
		};
/* End XCConfigurationList section */
	};
	rootObject = 2D8BDFFF23A44DED000E266B /* Project object */;
}
